PODS:
  - android_intent (0.0.1):
    - Flutter
  - Firebase/CoreOnly (6.20.0):
    - FirebaseCore (= 6.6.4)
  - Firebase/DynamicLinks (6.20.0):
    - Firebase/CoreOnly
    - FirebaseDynamicLinks (~> 4.0.7)
  - firebase_dynamic_links (0.1.0):
    - Firebase/DynamicLinks
    - Flutter
  - FirebaseAnalyticsInterop (1.5.0)
  - FirebaseCore (6.6.4):
    - FirebaseCoreDiagnostics (~> 1.2)
    - FirebaseCoreDiagnosticsInterop (~> 1.2)
    - GoogleUtilities/Environment (~> 6.5)
    - GoogleUtilities/Logger (~> 6.5)
  - FirebaseCoreDiagnostics (1.2.2):
    - FirebaseCoreDiagnosticsInterop (~> 1.2)
    - GoogleDataTransportCCTSupport (~> 2.0)
    - GoogleUtilities/Environment (~> 6.5)
    - GoogleUtilities/Logger (~> 6.5)
    - nanopb (~> 0.3.901)
  - FirebaseCoreDiagnosticsInterop (1.2.0)
  - FirebaseDynamicLinks (4.0.8):
    - FirebaseAnalyticsInterop (~> 1.3)
    - FirebaseCore (~> 6.2)
  - Flutter (1.0.0)
  - flutter_secure_storage (3.3.1):
    - Flutter
  - GoogleDataTransport (5.0.0)
  - GoogleDataTransportCCTSupport (2.0.0):
    - GoogleDataTransport (~> 5.0)
    - nanopb (~> 0.3.901)
  - GoogleUtilities/Environment (6.5.2)
  - GoogleUtilities/Logger (6.5.2):
    - GoogleUtilities/Environment
  - nanopb (0.3.9011):
    - nanopb/decode (= 0.3.9011)
    - nanopb/encode (= 0.3.9011)
  - nanopb/decode (0.3.9011)
  - nanopb/encode (0.3.9011)
  - path_provider (0.0.1):
    - Flutter
  - path_provider_macos (0.0.1):
    - Flutter
  - "permission_handler (5.0.0+hotfix.6)":
    - Flutter
  - share (0.0.1):
    - Flutter
  - shared_preferences (0.0.1):
    - Flutter
  - shared_preferences_macos (0.0.1):
    - Flutter
  - shared_preferences_web (0.0.1):
    - Flutter
  - url_launcher (0.0.1):
    - Flutter
  - url_launcher_macos (0.0.1):
    - Flutter
  - url_launcher_web (0.0.1):
    - Flutter
  - webview_media (0.0.1):
    - Flutter

DEPENDENCIES:
  - android_intent (from `.symlinks/plugins/android_intent/ios`)
  - firebase_dynamic_links (from `.symlinks/plugins/firebase_dynamic_links/ios`)
  - Flutter (from `Flutter`)
  - flutter_secure_storage (from `.symlinks/plugins/flutter_secure_storage/ios`)
  - path_provider (from `.symlinks/plugins/path_provider/ios`)
  - path_provider_macos (from `.symlinks/plugins/path_provider_macos/ios`)
  - permission_handler (from `.symlinks/plugins/permission_handler/ios`)
  - share (from `.symlinks/plugins/share/ios`)
  - shared_preferences (from `.symlinks/plugins/shared_preferences/ios`)
  - shared_preferences_macos (from `.symlinks/plugins/shared_preferences_macos/ios`)
  - shared_preferences_web (from `.symlinks/plugins/shared_preferences_web/ios`)
  - url_launcher (from `.symlinks/plugins/url_launcher/ios`)
  - url_launcher_macos (from `.symlinks/plugins/url_launcher_macos/ios`)
  - url_launcher_web (from `.symlinks/plugins/url_launcher_web/ios`)
  - webview_media (from `.symlinks/plugins/webview_media/ios`)

SPEC REPOS:
  trunk:
    - Firebase
    - FirebaseAnalyticsInterop
    - FirebaseCore
    - FirebaseCoreDiagnostics
    - FirebaseCoreDiagnosticsInterop
    - FirebaseDynamicLinks
    - GoogleDataTransport
    - GoogleDataTransportCCTSupport
    - GoogleUtilities
    - nanopb

EXTERNAL SOURCES:
  android_intent:
    :path: ".symlinks/plugins/android_intent/ios"
  firebase_dynamic_links:
    :path: ".symlinks/plugins/firebase_dynamic_links/ios"
  Flutter:
    :path: Flutter
  flutter_secure_storage:
    :path: ".symlinks/plugins/flutter_secure_storage/ios"
  path_provider:
    :path: ".symlinks/plugins/path_provider/ios"
  path_provider_macos:
    :path: ".symlinks/plugins/path_provider_macos/ios"
  permission_handler:
    :path: ".symlinks/plugins/permission_handler/ios"
  share:
    :path: ".symlinks/plugins/share/ios"
  shared_preferences:
    :path: ".symlinks/plugins/shared_preferences/ios"
  shared_preferences_macos:
    :path: ".symlinks/plugins/shared_preferences_macos/ios"
  shared_preferences_web:
    :path: ".symlinks/plugins/shared_preferences_web/ios"
  url_launcher:
    :path: ".symlinks/plugins/url_launcher/ios"
  url_launcher_macos:
    :path: ".symlinks/plugins/url_launcher_macos/ios"
  url_launcher_web:
    :path: ".symlinks/plugins/url_launcher_web/ios"
  webview_media:
    :path: ".symlinks/plugins/webview_media/ios"

SPEC CHECKSUMS:
  android_intent: 367df2f1277a74e4a90e14a8ab3df3112d087052
  Firebase: fe7f74012742ab403451dd283e6909b8f1fb348a
  firebase_dynamic_links: c70e8764252b4f4f130fffe273e0bbd01e6b7aef
  FirebaseAnalyticsInterop: 3f86269c38ae41f47afeb43ebf32a001f58fcdae
  FirebaseCore: ed0a24c758a57c2b88c5efa8e6a8195e868af589
  FirebaseCoreDiagnostics: e9b4cd8ba60dee0f2d13347332e4b7898cca5b61
  FirebaseCoreDiagnosticsInterop: 296e2c5f5314500a850ad0b83e9e7c10b011a850
  FirebaseDynamicLinks: 417dc6dbb6013233c77558290d73296f429656a6
  Flutter: 0e3d915762c693b495b44d77113d4970485de6ec
  flutter_secure_storage: 7953c38a04c3fdbb00571bcd87d8e3b5ceb9daec
  GoogleDataTransport: a857c6a002d201b524dd4bc2ed7e7355ed07e785
  GoogleDataTransportCCTSupport: 32f75fbe904c82772fcbb6b6bd4525bfb6f2a862
  GoogleUtilities: ad0f3b691c67909d03a3327cc205222ab8f42e0e
  nanopb: 18003b5e52dab79db540fe93fe9579f399bd1ccd
  path_provider: abfe2b5c733d04e238b0d8691db0cfd63a27a93c
  path_provider_macos: f760a3c5b04357c380e2fddb6f9db6f3015897e0
  permission_handler: b7a0953389e699927c6217933754cdcd0fa2c5a7
  share: 0b2c3e82132f5888bccca3351c504d0003b3b410
  shared_preferences: 430726339841afefe5142b9c1f50cb6bd7793e01
  shared_preferences_macos: f3f29b71ccbb56bf40c9dd6396c9acf15e214087
  shared_preferences_web: 141cce0c3ed1a1c5bf2a0e44f52d31eeb66e5ea9
  url_launcher: 6fef411d543ceb26efce54b05a0a40bfd74cbbef
  url_launcher_macos: fd7894421cd39320dce5f292fc99ea9270b2a313
  url_launcher_web: e5527357f037c87560776e36436bf2b0288b965c
  webview_media: 33604c2c1805f41bd0c6749c4d7de24b8cb4d81d

PODFILE CHECKSUM: c34e2287a9ccaa606aeceab922830efb9a6ff69a

COCOAPODS: 1.9.1
