name: Generate podfile.lock 
  
on:
  pull_request:
  workflow_dispatch:

jobs:
  bump-pods:
    runs-on: macos-latest
    timeout-minutes: 30
    steps:
      # Checks-out our repository under $GITHUB_WORKSPACE, so our job can access it
      - name: Checkout repository
        uses: actions/checkout@v2

      - name: Setup docker
        run: |
          brew install docker
          colima start

      # Setup the flutter environment.
      - name: Setup flutter 
        uses: subosito/flutter-action@v2
        with:
          channel: 'beta' # 'dev', 'alpha', default to: 'stable'
          flutter-version: '3.14.x'

      - name: Generate openapi client
        run: cd openapi && make generate-prod

      # Install your project's dependencies
      - run: flutter pub get

      - run: cd ios && pod install --repo-update

      - run: git diff
      
      - uses: stefanzweifel/git-auto-commit-action@v4
        with:
          commit_message: Regenerated pod lockfile
